
Microsoft Visual Studio Solution File, Format Version 12.00
Project("{FAE04EC0-301F-11D3-BF4B-00C04F79EFBC}") = "UserInputChallenge", "UserInputChallenge\UserInputChallenge.csproj", "{817D04A8-F6F6-4A1A-A671-6AC19CC2B894}"
EndProject
Global
	GlobalSection(SolutionConfigurationPlatforms) = preSolution
		Debug|Any CPU = Debug|Any CPU
		Release|Any CPU = Release|Any CPU
	EndGlobalSection
	GlobalSection(ProjectConfigurationPlatforms) = postSolution
		{817D04A8-F6F6-4A1A-A671-6AC19CC2B894}.Debug|Any CPU.ActiveCfg = Debug|Any CPU
		{817D04A8-F6F6-4A1A-A671-6AC19CC2B894}.Debug|Any CPU.Build.0 = Debug|Any CPU
		{817D04A8-F6F6-4A1A-A671-6AC19CC2B894}.Release|Any CPU.ActiveCfg = Release|Any CPU
		{817D04A8-F6F6-4A1A-A671-6AC19CC2B894}.Release|Any CPU.Build.0 = Release|Any CPU
	EndGlobalSection
EndGlobal
